
Microsoft Visual Studio Solution File, Format Version 12.00
# Visual Studio Version 17
VisualStudioVersion = 17.14.36811.4
MinimumVisualStudioVersion = 10.0.40219.1
Project("{FAE04EC0-301F-11D3-BF4B-00C04F79EFBC}") = "LuxeGroom", "LuxeGroom\LuxeGroom.csproj", "{2A12C6E9-B84D-4A5B-A7FE-E02935F4F249}"
EndProject
Global
	GlobalSection(SolutionConfigurationPlatforms) = preSolution
		Debug|Any CPU = Debug|Any CPU
		Release|Any CPU = Release|Any CPU
	EndGlobalSection
	GlobalSection(ProjectConfigurationPlatforms) = postSolution
		{2A12C6E9-B84D-4A5B-A7FE-E02935F4F249}.Debug|Any CPU.ActiveCfg = Debug|Any CPU
		{2A12C6E9-B84D-4A5B-A7FE-E02935F4F249}.Debug|Any CPU.Build.0 = Debug|Any CPU
		{2A12C6E9-B84D-4A5B-A7FE-E02935F4F249}.Release|Any CPU.ActiveCfg = Release|Any CPU
		{2A12C6E9-B84D-4A5B-A7FE-E02935F4F249}.Release|Any CPU.Build.0 = Release|Any CPU
	EndGlobalSection
	GlobalSection(SolutionProperties) = preSolution
		HideSolutionNode = FALSE
	EndGlobalSection
	GlobalSection(ExtensibilityGlobals) = postSolution
		SolutionGuid = {99F10F87-113C-4C2D-9494-71460BB8662B}
	EndGlobalSection
EndGlobal
